
Microsoft Visual Studio Solution File, Format Version 12.00
# Visual Studio 15
VisualStudioVersion = 15.0.28307.539
MinimumVisualStudioVersion = 10.0.40219.1
Project("{FAE04EC0-301F-11D3-BF4B-00C04F79EFBC}") = "TCPChatServer", "TCPChat\TCPChatServer.csproj", "{137635A9-CEAE-4BF2-8EC1-5D13AB1621C1}"
EndProject
Project("{FAE04EC0-301F-11D3-BF4B-00C04F79EFBC}") = "TCPChatClient", "TCPChatClient\TCPChatClient.csproj", "{898B1730-5D9F-498B-9393-12FA0EAD4AF4}"
EndProject
Project("{FAE04EC0-301F-11D3-BF4B-00C04F79EFBC}") = "ChatServerCommands", "ChatServerCommands\ChatServerCommands.csproj", "{3629ED37-0B2F-4622-BA26-1574C1152B1C}"
EndProject
Global
	GlobalSection(SolutionConfigurationPlatforms) = preSolution
		Debug|Any CPU = Debug|Any CPU
		Release|Any CPU = Release|Any CPU
	EndGlobalSection
	GlobalSection(ProjectConfigurationPlatforms) = postSolution
		{137635A9-CEAE-4BF2-8EC1-5D13AB1621C1}.Debug|Any CPU.ActiveCfg = Debug|Any CPU
		{137635A9-CEAE-4BF2-8EC1-5D13AB1621C1}.Debug|Any CPU.Build.0 = Debug|Any CPU
		{137635A9-CEAE-4BF2-8EC1-5D13AB1621C1}.Release|Any CPU.ActiveCfg = Release|Any CPU
		{137635A9-CEAE-4BF2-8EC1-5D13AB1621C1}.Release|Any CPU.Build.0 = Release|Any CPU
		{898B1730-5D9F-498B-9393-12FA0EAD4AF4}.Debug|Any CPU.ActiveCfg = Debug|Any CPU
		{898B1730-5D9F-498B-9393-12FA0EAD4AF4}.Debug|Any CPU.Build.0 = Debug|Any CPU
		{898B1730-5D9F-498B-9393-12FA0EAD4AF4}.Release|Any CPU.ActiveCfg = Release|Any CPU
		{898B1730-5D9F-498B-9393-12FA0EAD4AF4}.Release|Any CPU.Build.0 = Release|Any CPU
		{3629ED37-0B2F-4622-BA26-1574C1152B1C}.Debug|Any CPU.ActiveCfg = Debug|Any CPU
		{3629ED37-0B2F-4622-BA26-1574C1152B1C}.Debug|Any CPU.Build.0 = Debug|Any CPU
		{3629ED37-0B2F-4622-BA26-1574C1152B1C}.Release|Any CPU.ActiveCfg = Release|Any CPU
		{3629ED37-0B2F-4622-BA26-1574C1152B1C}.Release|Any CPU.Build.0 = Release|Any CPU
	EndGlobalSection
	GlobalSection(SolutionProperties) = preSolution
		HideSolutionNode = FALSE
	EndGlobalSection
	GlobalSection(ExtensibilityGlobals) = postSolution
		SolutionGuid = {5298F5D5-ABE8-4FB3-B7FE-D05AD864AC6D}
	EndGlobalSection
EndGlobal
